// !$*UTF8*$!
{
	archiveVersion = 1;
	classes = {
	};
	objectVersion = 56;
	objects = {

/* Begin PBXBuildFile section */
		7C870F032A15502D0010ECA7 /* MenuAssembly.swift in Sources */ = {isa = PBXBuildFile; fileRef = 7C870F022A15502D0010ECA7 /* MenuAssembly.swift */; };
		7C870F062A1558DA0010ECA7 /* NewsViewController.swift in Sources */ = {isa = PBXBuildFile; fileRef = 7C870F052A1558DA0010ECA7 /* NewsViewController.swift */; };
		7C870F082A1566070010ECA7 /* NewsPresenter.swift in Sources */ = {isa = PBXBuildFile; fileRef = 7C870F072A1566070010ECA7 /* NewsPresenter.swift */; };
		7C870F0A2A1568C50010ECA7 /* NewsCell.swift in Sources */ = {isa = PBXBuildFile; fileRef = 7C870F092A1568C50010ECA7 /* NewsCell.swift */; };
		7C870F0C2A1568F80010ECA7 /* NewsModule.swift in Sources */ = {isa = PBXBuildFile; fileRef = 7C870F0B2A1568F80010ECA7 /* NewsModule.swift */; };
		7C870F102A157A5B0010ECA7 /* MyTabBar.swift in Sources */ = {isa = PBXBuildFile; fileRef = 7C870F0F2A157A5B0010ECA7 /* MyTabBar.swift */; };
		7C870F132A15914E0010ECA7 /* ChangeSampleViewController.swift in Sources */ = {isa = PBXBuildFile; fileRef = 7C870F122A15914E0010ECA7 /* ChangeSampleViewController.swift */; };
		7C870F162A16374E0010ECA7 /* Fonts.swift in Sources */ = {isa = PBXBuildFile; fileRef = 7C870F152A16374E0010ECA7 /* Fonts.swift */; };
		7C870F1A2A1651780010ECA7 /* ChangableViewController.swift in Sources */ = {isa = PBXBuildFile; fileRef = 7C870F192A1651780010ECA7 /* ChangableViewController.swift */; };
		7CBA914E2A10F3CE0075230D /* AppDelegate.swift in Sources */ = {isa = PBXBuildFile; fileRef = 7CBA914D2A10F3CE0075230D /* AppDelegate.swift */; };
		7CBA91502A10F3CE0075230D /* SceneDelegate.swift in Sources */ = {isa = PBXBuildFile; fileRef = 7CBA914F2A10F3CE0075230D /* SceneDelegate.swift */; };
		7CBA91522A10F3CE0075230D /* ViewController.swift in Sources */ = {isa = PBXBuildFile; fileRef = 7CBA91512A10F3CE0075230D /* ViewController.swift */; };
		7CBA91552A10F3CE0075230D /* Main.storyboard in Resources */ = {isa = PBXBuildFile; fileRef = 7CBA91532A10F3CE0075230D /* Main.storyboard */; };
		7CBA91572A10F3D00075230D /* Assets.xcassets in Resources */ = {isa = PBXBuildFile; fileRef = 7CBA91562A10F3D00075230D /* Assets.xcassets */; };
		7CBA915A2A10F3D00075230D /* LaunchScreen.storyboard in Resources */ = {isa = PBXBuildFile; fileRef = 7CBA91582A10F3D00075230D /* LaunchScreen.storyboard */; };
		7CBA91682A10F9C60075230D /* EmployeesViewController.swift in Sources */ = {isa = PBXBuildFile; fileRef = 7CBA91672A10F9C60075230D /* EmployeesViewController.swift */; };
		7CBA916A2A1102F80075230D /* EmployeeTableViewCell.swift in Sources */ = {isa = PBXBuildFile; fileRef = 7CBA91692A1102F80075230D /* EmployeeTableViewCell.swift */; };
		7CBA916E2A1103670075230D /* EmployeeModule.swift in Sources */ = {isa = PBXBuildFile; fileRef = 7CBA916D2A1103670075230D /* EmployeeModule.swift */; };
		7CBA91772A13D7670075230D /* SnapKit in Frameworks */ = {isa = PBXBuildFile; productRef = 7CBA91762A13D7670075230D /* SnapKit */; };
		7CBA91792A1408930075230D /* EmployeePresenter.swift in Sources */ = {isa = PBXBuildFile; fileRef = 7CBA91782A1408930075230D /* EmployeePresenter.swift */; };
		7CBA917B2A140C990075230D /* EmployeeAssembly.swift in Sources */ = {isa = PBXBuildFile; fileRef = 7CBA917A2A140C990075230D /* EmployeeAssembly.swift */; };
		7CBA917E2A1417C40075230D /* CompanyViewController.swift in Sources */ = {isa = PBXBuildFile; fileRef = 7CBA917D2A1417C40075230D /* CompanyViewController.swift */; };
		7CBA91822A14225F0075230D /* MenuViewController.swift in Sources */ = {isa = PBXBuildFile; fileRef = 7CBA91812A14225F0075230D /* MenuViewController.swift */; };
		7CBA91842A1423F30075230D /* MenuModule.swift in Sources */ = {isa = PBXBuildFile; fileRef = 7CBA91832A1423F30075230D /* MenuModule.swift */; };
		7CBA91862A14273B0075230D /* MenuPresenter.swift in Sources */ = {isa = PBXBuildFile; fileRef = 7CBA91852A14273B0075230D /* MenuPresenter.swift */; };
		7CBA91882A1429010075230D /* MenuCell.swift in Sources */ = {isa = PBXBuildFile; fileRef = 7CBA91872A1429010075230D /* MenuCell.swift */; };
/* End PBXBuildFile section */

/* Begin PBXFileReference section */
		7C870F022A15502D0010ECA7 /* MenuAssembly.swift */ = {isa = PBXFileReference; lastKnownFileType = sourcecode.swift; path = MenuAssembly.swift; sourceTree = "<group>"; };
		7C870F052A1558DA0010ECA7 /* NewsViewController.swift */ = {isa = PBXFileReference; lastKnownFileType = sourcecode.swift; path = NewsViewController.swift; sourceTree = "<group>"; };
		7C870F072A1566070010ECA7 /* NewsPresenter.swift */ = {isa = PBXFileReference; lastKnownFileType = sourcecode.swift; path = NewsPresenter.swift; sourceTree = "<group>"; };
		7C870F092A1568C50010ECA7 /* NewsCell.swift */ = {isa = PBXFileReference; lastKnownFileType = sourcecode.swift; path = NewsCell.swift; sourceTree = "<group>"; };
		7C870F0B2A1568F80010ECA7 /* NewsModule.swift */ = {isa = PBXFileReference; lastKnownFileType = sourcecode.swift; path = NewsModule.swift; sourceTree = "<group>"; };
		7C870F0F2A157A5B0010ECA7 /* MyTabBar.swift */ = {isa = PBXFileReference; lastKnownFileType = sourcecode.swift; path = MyTabBar.swift; sourceTree = "<group>"; };
		7C870F122A15914E0010ECA7 /* ChangeSampleViewController.swift */ = {isa = PBXFileReference; lastKnownFileType = sourcecode.swift; path = ChangeSampleViewController.swift; sourceTree = "<group>"; };
		7C870F152A16374E0010ECA7 /* Fonts.swift */ = {isa = PBXFileReference; lastKnownFileType = sourcecode.swift; path = Fonts.swift; sourceTree = "<group>"; };
		7C870F192A1651780010ECA7 /* ChangableViewController.swift */ = {isa = PBXFileReference; lastKnownFileType = sourcecode.swift; path = ChangableViewController.swift; sourceTree = "<group>"; };
		7CBA914A2A10F3CE0075230D /* Constructor.app */ = {isa = PBXFileReference; explicitFileType = wrapper.application; includeInIndex = 0; path = Constructor.app; sourceTree = BUILT_PRODUCTS_DIR; };
		7CBA914D2A10F3CE0075230D /* AppDelegate.swift */ = {isa = PBXFileReference; lastKnownFileType = sourcecode.swift; path = AppDelegate.swift; sourceTree = "<group>"; };
		7CBA914F2A10F3CE0075230D /* SceneDelegate.swift */ = {isa = PBXFileReference; lastKnownFileType = sourcecode.swift; path = SceneDelegate.swift; sourceTree = "<group>"; };
		7CBA91512A10F3CE0075230D /* ViewController.swift */ = {isa = PBXFileReference; lastKnownFileType = sourcecode.swift; path = ViewController.swift; sourceTree = "<group>"; };
		7CBA91542A10F3CE0075230D /* Base */ = {isa = PBXFileReference; lastKnownFileType = file.storyboard; name = Base; path = Base.lproj/Main.storyboard; sourceTree = "<group>"; };
		7CBA91562A10F3D00075230D /* Assets.xcassets */ = {isa = PBXFileReference; lastKnownFileType = folder.assetcatalog; path = Assets.xcassets; sourceTree = "<group>"; };
		7CBA91592A10F3D00075230D /* Base */ = {isa = PBXFileReference; lastKnownFileType = file.storyboard; name = Base; path = Base.lproj/LaunchScreen.storyboard; sourceTree = "<group>"; };
		7CBA915B2A10F3D00075230D /* Info.plist */ = {isa = PBXFileReference; lastKnownFileType = text.plist.xml; path = Info.plist; sourceTree = "<group>"; };
		7CBA91672A10F9C60075230D /* EmployeesViewController.swift */ = {isa = PBXFileReference; lastKnownFileType = sourcecode.swift; path = EmployeesViewController.swift; sourceTree = "<group>"; };
		7CBA91692A1102F80075230D /* EmployeeTableViewCell.swift */ = {isa = PBXFileReference; lastKnownFileType = sourcecode.swift; path = EmployeeTableViewCell.swift; sourceTree = "<group>"; };
		7CBA916D2A1103670075230D /* EmployeeModule.swift */ = {isa = PBXFileReference; lastKnownFileType = sourcecode.swift; path = EmployeeModule.swift; sourceTree = "<group>"; };
		7CBA91782A1408930075230D /* EmployeePresenter.swift */ = {isa = PBXFileReference; lastKnownFileType = sourcecode.swift; path = EmployeePresenter.swift; sourceTree = "<group>"; };
		7CBA917A2A140C990075230D /* EmployeeAssembly.swift */ = {isa = PBXFileReference; lastKnownFileType = sourcecode.swift; path = EmployeeAssembly.swift; sourceTree = "<group>"; };
		7CBA917D2A1417C40075230D /* CompanyViewController.swift */ = {isa = PBXFileReference; lastKnownFileType = sourcecode.swift; path = CompanyViewController.swift; sourceTree = "<group>"; };
		7CBA91812A14225F0075230D /* MenuViewController.swift */ = {isa = PBXFileReference; lastKnownFileType = sourcecode.swift; path = MenuViewController.swift; sourceTree = "<group>"; };
		7CBA91832A1423F30075230D /* MenuModule.swift */ = {isa = PBXFileReference; lastKnownFileType = sourcecode.swift; path = MenuModule.swift; sourceTree = "<group>"; };
		7CBA91852A14273B0075230D /* MenuPresenter.swift */ = {isa = PBXFileReference; lastKnownFileType = sourcecode.swift; path = MenuPresenter.swift; sourceTree = "<group>"; };
		7CBA91872A1429010075230D /* MenuCell.swift */ = {isa = PBXFileReference; lastKnownFileType = sourcecode.swift; path = MenuCell.swift; sourceTree = "<group>"; };
/* End PBXFileReference section */

/* Begin PBXFrameworksBuildPhase section */
		7CBA91472A10F3CE0075230D /* Frameworks */ = {
			isa = PBXFrameworksBuildPhase;
			buildActionMask = 2147483647;
			files = (
				7CBA91772A13D7670075230D /* SnapKit in Frameworks */,
			);
			runOnlyForDeploymentPostprocessing = 0;
		};
/* End PBXFrameworksBuildPhase section */

/* Begin PBXGroup section */
		7C870F042A1558C10010ECA7 /* NewsSample */ = {
			isa = PBXGroup;
			children = (
				7C870F052A1558DA0010ECA7 /* NewsViewController.swift */,
				7C870F072A1566070010ECA7 /* NewsPresenter.swift */,
				7C870F092A1568C50010ECA7 /* NewsCell.swift */,
				7C870F0B2A1568F80010ECA7 /* NewsModule.swift */,
			);
			path = NewsSample;
			sourceTree = "<group>";
		};
		7C870F0E2A157A2E0010ECA7 /* Navigation */ = {
			isa = PBXGroup;
			children = (
				7C870F0F2A157A5B0010ECA7 /* MyTabBar.swift */,
			);
			path = Navigation;
			sourceTree = "<group>";
		};
		7C870F112A1591210010ECA7 /* ChangeSample */ = {
			isa = PBXGroup;
			children = (
				7C870F122A15914E0010ECA7 /* ChangeSampleViewController.swift */,
				7C870F192A1651780010ECA7 /* ChangableViewController.swift */,
			);
			path = ChangeSample;
			sourceTree = "<group>";
		};
		7C870F142A16373C0010ECA7 /* DesignSettings */ = {
			isa = PBXGroup;
			children = (
				7C870F152A16374E0010ECA7 /* Fonts.swift */,
			);
			path = DesignSettings;
			sourceTree = "<group>";
		};
		7CBA91412A10F3CE0075230D = {
			isa = PBXGroup;
			children = (
				7CBA914C2A10F3CE0075230D /* Constructor */,
				7CBA914B2A10F3CE0075230D /* Products */,
			);
			sourceTree = "<group>";
		};
		7CBA914B2A10F3CE0075230D /* Products */ = {
			isa = PBXGroup;
			children = (
				7CBA914A2A10F3CE0075230D /* Constructor.app */,
			);
			name = Products;
			sourceTree = "<group>";
		};
		7CBA914C2A10F3CE0075230D /* Constructor */ = {
			isa = PBXGroup;
			children = (
				7C870F142A16373C0010ECA7 /* DesignSettings */,
				7C870F112A1591210010ECA7 /* ChangeSample */,
				7C870F0E2A157A2E0010ECA7 /* Navigation */,
				7CBA91612A10F6B00075230D /* Screen samples */,
				7CBA914D2A10F3CE0075230D /* AppDelegate.swift */,
				7CBA914F2A10F3CE0075230D /* SceneDelegate.swift */,
				7CBA91512A10F3CE0075230D /* ViewController.swift */,
				7CBA91532A10F3CE0075230D /* Main.storyboard */,
				7CBA91562A10F3D00075230D /* Assets.xcassets */,
				7CBA91582A10F3D00075230D /* LaunchScreen.storyboard */,
				7CBA915B2A10F3D00075230D /* Info.plist */,
			);
			path = Constructor;
			sourceTree = "<group>";
		};
		7CBA91612A10F6B00075230D /* Screen samples */ = {
			isa = PBXGroup;
			children = (
				7C870F042A1558C10010ECA7 /* NewsSample */,
				7CBA91802A1422320075230D /* MenuSample */,
				7CBA917C2A1417650075230D /* CompanySample */,
				7CBA91662A10F9A90075230D /* EmployeeSample */,
			);
			path = "Screen samples";
			sourceTree = "<group>";
		};
		7CBA91662A10F9A90075230D /* EmployeeSample */ = {
			isa = PBXGroup;
			children = (
				7CBA91672A10F9C60075230D /* EmployeesViewController.swift */,
				7CBA91692A1102F80075230D /* EmployeeTableViewCell.swift */,
				7CBA916D2A1103670075230D /* EmployeeModule.swift */,
				7CBA91782A1408930075230D /* EmployeePresenter.swift */,
				7CBA917A2A140C990075230D /* EmployeeAssembly.swift */,
			);
			path = EmployeeSample;
			sourceTree = "<group>";
		};
		7CBA917C2A1417650075230D /* CompanySample */ = {
			isa = PBXGroup;
			children = (
				7CBA917D2A1417C40075230D /* CompanyViewController.swift */,
			);
			path = CompanySample;
			sourceTree = "<group>";
		};
		7CBA91802A1422320075230D /* MenuSample */ = {
			isa = PBXGroup;
			children = (
				7CBA91812A14225F0075230D /* MenuViewController.swift */,
				7CBA91832A1423F30075230D /* MenuModule.swift */,
				7CBA91852A14273B0075230D /* MenuPresenter.swift */,
				7CBA91872A1429010075230D /* MenuCell.swift */,
				7C870F022A15502D0010ECA7 /* MenuAssembly.swift */,
			);
			path = MenuSample;
			sourceTree = "<group>";
		};
/* End PBXGroup section */

/* Begin PBXNativeTarget section */
		7CBA91492A10F3CE0075230D /* Constructor */ = {
			isa = PBXNativeTarget;
			buildConfigurationList = 7CBA915E2A10F3D00075230D /* Build configuration list for PBXNativeTarget "Constructor" */;
			buildPhases = (
				7CBA91462A10F3CE0075230D /* Sources */,
				7CBA91472A10F3CE0075230D /* Frameworks */,
				7CBA91482A10F3CE0075230D /* Resources */,
			);
			buildRules = (
			);
			dependencies = (
			);
			name = Constructor;
			packageProductDependencies = (
				7CBA91762A13D7670075230D /* SnapKit */,
			);
			productName = Constructor;
			productReference = 7CBA914A2A10F3CE0075230D /* Constructor.app */;
			productType = "com.apple.product-type.application";
		};
/* End PBXNativeTarget section */

/* Begin PBXProject section */
		7CBA91422A10F3CE0075230D /* Project object */ = {
			isa = PBXProject;
			attributes = {
				BuildIndependentTargetsInParallel = 1;
				LastSwiftUpdateCheck = 1430;
				LastUpgradeCheck = 1430;
				TargetAttributes = {
					7CBA91492A10F3CE0075230D = {
						CreatedOnToolsVersion = 14.3;
					};
				};
			};
			buildConfigurationList = 7CBA91452A10F3CE0075230D /* Build configuration list for PBXProject "Constructor" */;
			compatibilityVersion = "Xcode 14.0";
			developmentRegion = en;
			hasScannedForEncodings = 0;
			knownRegions = (
				en,
				Base,
			);
			mainGroup = 7CBA91412A10F3CE0075230D;
			packageReferences = (
				7CBA91752A13D7670075230D /* XCRemoteSwiftPackageReference "SnapKit" */,
			);
			productRefGroup = 7CBA914B2A10F3CE0075230D /* Products */;
			projectDirPath = "";
			projectRoot = "";
			targets = (
				7CBA91492A10F3CE0075230D /* Constructor */,
			);
		};
/* End PBXProject section */

/* Begin PBXResourcesBuildPhase section */
		7CBA91482A10F3CE0075230D /* Resources */ = {
			isa = PBXResourcesBuildPhase;
			buildActionMask = 2147483647;
			files = (
				7CBA915A2A10F3D00075230D /* LaunchScreen.storyboard in Resources */,
				7CBA91572A10F3D00075230D /* Assets.xcassets in Resources */,
				7CBA91552A10F3CE0075230D /* Main.storyboard in Resources */,
			);
			runOnlyForDeploymentPostprocessing = 0;
		};
/* End PBXResourcesBuildPhase section */

/* Begin PBXSourcesBuildPhase section */
		7CBA91462A10F3CE0075230D /* Sources */ = {
			isa = PBXSourcesBuildPhase;
			buildActionMask = 2147483647;
			files = (
				7C870F102A157A5B0010ECA7 /* MyTabBar.swift in Sources */,
				7CBA91792A1408930075230D /* EmployeePresenter.swift in Sources */,
				7CBA91822A14225F0075230D /* MenuViewController.swift in Sources */,
				7CBA917B2A140C990075230D /* EmployeeAssembly.swift in Sources */,
				7C870F132A15914E0010ECA7 /* ChangeSampleViewController.swift in Sources */,
				7C870F082A1566070010ECA7 /* NewsPresenter.swift in Sources */,
				7C870F062A1558DA0010ECA7 /* NewsViewController.swift in Sources */,
				7C870F162A16374E0010ECA7 /* Fonts.swift in Sources */,
				7CBA91522A10F3CE0075230D /* ViewController.swift in Sources */,
				7CBA914E2A10F3CE0075230D /* AppDelegate.swift in Sources */,
				7C870F1A2A1651780010ECA7 /* ChangableViewController.swift in Sources */,
				7CBA91682A10F9C60075230D /* EmployeesViewController.swift in Sources */,
				7C870F032A15502D0010ECA7 /* MenuAssembly.swift in Sources */,
				7CBA917E2A1417C40075230D /* CompanyViewController.swift in Sources */,
				7CBA91842A1423F30075230D /* MenuModule.swift in Sources */,
				7CBA916E2A1103670075230D /* EmployeeModule.swift in Sources */,
				7C870F0C2A1568F80010ECA7 /* NewsModule.swift in Sources */,
				7CBA91502A10F3CE0075230D /* SceneDelegate.swift in Sources */,
				7C870F0A2A1568C50010ECA7 /* NewsCell.swift in Sources */,
				7CBA916A2A1102F80075230D /* EmployeeTableViewCell.swift in Sources */,
				7CBA91882A1429010075230D /* MenuCell.swift in Sources */,
				7CBA91862A14273B0075230D /* MenuPresenter.swift in Sources */,
			);
			runOnlyForDeploymentPostprocessing = 0;
		};
/* End PBXSourcesBuildPhase section */

/* Begin PBXVariantGroup section */
		7CBA91532A10F3CE0075230D /* Main.storyboard */ = {
			isa = PBXVariantGroup;
			children = (
				7CBA91542A10F3CE0075230D /* Base */,
			);
			name = Main.storyboard;
			sourceTree = "<group>";
		};
		7CBA91582A10F3D00075230D /* LaunchScreen.storyboard */ = {
			isa = PBXVariantGroup;
			children = (
				7CBA91592A10F3D00075230D /* Base */,
			);
			name = LaunchScreen.storyboard;
			sourceTree = "<group>";
		};
/* End PBXVariantGroup section */

/* Begin XCBuildConfiguration section */
		7CBA915C2A10F3D00075230D /* Debug */ = {
			isa = XCBuildConfiguration;
			buildSettings = {
				ALWAYS_SEARCH_USER_PATHS = NO;
				CLANG_ANALYZER_NONNULL = YES;
				CLANG_ANALYZER_NUMBER_OBJECT_CONVERSION = YES_AGGRESSIVE;
				CLANG_CXX_LANGUAGE_STANDARD = "gnu++20";
				CLANG_ENABLE_MODULES = YES;
				CLANG_ENABLE_OBJC_ARC = YES;
				CLANG_ENABLE_OBJC_WEAK = YES;
				CLANG_WARN_BLOCK_CAPTURE_AUTORELEASING = YES;
				CLANG_WARN_BOOL_CONVERSION = YES;
				CLANG_WARN_COMMA = YES;
				CLANG_WARN_CONSTANT_CONVERSION = YES;
				CLANG_WARN_DEPRECATED_OBJC_IMPLEMENTATIONS = YES;
				CLANG_WARN_DIRECT_OBJC_ISA_USAGE = YES_ERROR;
				CLANG_WARN_DOCUMENTATION_COMMENTS = YES;
				CLANG_WARN_EMPTY_BODY = YES;
				CLANG_WARN_ENUM_CONVERSION = YES;
				CLANG_WARN_INFINITE_RECURSION = YES;
				CLANG_WARN_INT_CONVERSION = YES;
				CLANG_WARN_NON_LITERAL_NULL_CONVERSION = YES;
				CLANG_WARN_OBJC_IMPLICIT_RETAIN_SELF = YES;
				CLANG_WARN_OBJC_LITERAL_CONVERSION = YES;
				CLANG_WARN_OBJC_ROOT_CLASS = YES_ERROR;
				CLANG_WARN_QUOTED_INCLUDE_IN_FRAMEWORK_HEADER = YES;
				CLANG_WARN_RANGE_LOOP_ANALYSIS = YES;
				CLANG_WARN_STRICT_PROTOTYPES = YES;
				CLANG_WARN_SUSPICIOUS_MOVE = YES;
				CLANG_WARN_UNGUARDED_AVAILABILITY = YES_AGGRESSIVE;
				CLANG_WARN_UNREACHABLE_CODE = YES;
				CLANG_WARN__DUPLICATE_METHOD_MATCH = YES;
				COPY_PHASE_STRIP = NO;
				DEBUG_INFORMATION_FORMAT = dwarf;
				ENABLE_STRICT_OBJC_MSGSEND = YES;
				ENABLE_TESTABILITY = YES;
				GCC_C_LANGUAGE_STANDARD = gnu11;
				GCC_DYNAMIC_NO_PIC = NO;
				GCC_NO_COMMON_BLOCKS = YES;
				GCC_OPTIMIZATION_LEVEL = 0;
				GCC_PREPROCESSOR_DEFINITIONS = (
					"DEBUG=1",
					"$(inherited)",
				);
				GCC_WARN_64_TO_32_BIT_CONVERSION = YES;
				GCC_WARN_ABOUT_RETURN_TYPE = YES_ERROR;
				GCC_WARN_UNDECLARED_SELECTOR = YES;
				GCC_WARN_UNINITIALIZED_AUTOS = YES_AGGRESSIVE;
				GCC_WARN_UNUSED_FUNCTION = YES;
				GCC_WARN_UNUSED_VARIABLE = YES;
				IPHONEOS_DEPLOYMENT_TARGET = 16.4;
				MTL_ENABLE_DEBUG_INFO = INCLUDE_SOURCE;
				MTL_FAST_MATH = YES;
				ONLY_ACTIVE_ARCH = YES;
				SDKROOT = iphoneos;
				SWIFT_ACTIVE_COMPILATION_CONDITIONS = DEBUG;
				SWIFT_OPTIMIZATION_LEVEL = "-Onone";
			};
			name = Debug;
		};
		7CBA915D2A10F3D00075230D /* Release */ = {
			isa = XCBuildConfiguration;
			buildSettings = {
				ALWAYS_SEARCH_USER_PATHS = NO;
				CLANG_ANALYZER_NONNULL = YES;
				CLANG_ANALYZER_NUMBER_OBJECT_CONVERSION = YES_AGGRESSIVE;
				CLANG_CXX_LANGUAGE_STANDARD = "gnu++20";
				CLANG_ENABLE_MODULES = YES;
				CLANG_ENABLE_OBJC_ARC = YES;
				CLANG_ENABLE_OBJC_WEAK = YES;
				CLANG_WARN_BLOCK_CAPTURE_AUTORELEASING = YES;
				CLANG_WARN_BOOL_CONVERSION = YES;
				CLANG_WARN_COMMA = YES;
				CLANG_WARN_CONSTANT_CONVERSION = YES;
				CLANG_WARN_DEPRECATED_OBJC_IMPLEMENTATIONS = YES;
				CLANG_WARN_DIRECT_OBJC_ISA_USAGE = YES_ERROR;
				CLANG_WARN_DOCUMENTATION_COMMENTS = YES;
				CLANG_WARN_EMPTY_BODY = YES;
				CLANG_WARN_ENUM_CONVERSION = YES;
				CLANG_WARN_INFINITE_RECURSION = YES;
				CLANG_WARN_INT_CONVERSION = YES;
				CLANG_WARN_NON_LITERAL_NULL_CONVERSION = YES;
				CLANG_WARN_OBJC_IMPLICIT_RETAIN_SELF = YES;
				CLANG_WARN_OBJC_LITERAL_CONVERSION = YES;
				CLANG_WARN_OBJC_ROOT_CLASS = YES_ERROR;
				CLANG_WARN_QUOTED_INCLUDE_IN_FRAMEWORK_HEADER = YES;
				CLANG_WARN_RANGE_LOOP_ANALYSIS = YES;
				CLANG_WARN_STRICT_PROTOTYPES = YES;
				CLANG_WARN_SUSPICIOUS_MOVE = YES;
				CLANG_WARN_UNGUARDED_AVAILABILITY = YES_AGGRESSIVE;
				CLANG_WARN_UNREACHABLE_CODE = YES;
				CLANG_WARN__DUPLICATE_METHOD_MATCH = YES;
				COPY_PHASE_STRIP = NO;
				DEBUG_INFORMATION_FORMAT = "dwarf-with-dsym";
				ENABLE_NS_ASSERTIONS = NO;
				ENABLE_STRICT_OBJC_MSGSEND = YES;
				GCC_C_LANGUAGE_STANDARD = gnu11;
				GCC_NO_COMMON_BLOCKS = YES;
				GCC_WARN_64_TO_32_BIT_CONVERSION = YES;
				GCC_WARN_ABOUT_RETURN_TYPE = YES_ERROR;
				GCC_WARN_UNDECLARED_SELECTOR = YES;
				GCC_WARN_UNINITIALIZED_AUTOS = YES_AGGRESSIVE;
				GCC_WARN_UNUSED_FUNCTION = YES;
				GCC_WARN_UNUSED_VARIABLE = YES;
				IPHONEOS_DEPLOYMENT_TARGET = 16.4;
				MTL_ENABLE_DEBUG_INFO = NO;
				MTL_FAST_MATH = YES;
				SDKROOT = iphoneos;
				SWIFT_COMPILATION_MODE = wholemodule;
				SWIFT_OPTIMIZATION_LEVEL = "-O";
				VALIDATE_PRODUCT = YES;
			};
			name = Release;
		};
		7CBA915F2A10F3D00075230D /* Debug */ = {
			isa = XCBuildConfiguration;
			buildSettings = {
				ASSETCATALOG_COMPILER_APPICON_NAME = AppIcon;
				ASSETCATALOG_COMPILER_GLOBAL_ACCENT_COLOR_NAME = AccentColor;
				CODE_SIGN_STYLE = Automatic;
				CURRENT_PROJECT_VERSION = 1;
				GENERATE_INFOPLIST_FILE = YES;
				INFOPLIST_FILE = Constructor/Info.plist;
				INFOPLIST_KEY_UIApplicationSupportsIndirectInputEvents = YES;
				INFOPLIST_KEY_UILaunchStoryboardName = LaunchScreen;
				INFOPLIST_KEY_UIMainStoryboardFile = Main;
				INFOPLIST_KEY_UISupportedInterfaceOrientations_iPad = "UIInterfaceOrientationPortrait UIInterfaceOrientationPortraitUpsideDown UIInterfaceOrientationLandscapeLeft UIInterfaceOrientationLandscapeRight";
				INFOPLIST_KEY_UISupportedInterfaceOrientations_iPhone = "UIInterfaceOrientationPortrait UIInterfaceOrientationLandscapeLeft UIInterfaceOrientationLandscapeRight";
				LD_RUNPATH_SEARCH_PATHS = (
					"$(inherited)",
					"@executable_path/Frameworks",
				);
				MARKETING_VERSION = 1.0;
				PRODUCT_BUNDLE_IDENTIFIER = bikkinina.a.Constructor;
				PRODUCT_NAME = "$(TARGET_NAME)";
				SWIFT_EMIT_LOC_STRINGS = YES;
				SWIFT_VERSION = 5.0;
				TARGETED_DEVICE_FAMILY = "1,2";
			};
			name = Debug;
		};
		7CBA91602A10F3D00075230D /* Release */ = {
			isa = XCBuildConfiguration;
			buildSettings = {
				ASSETCATALOG_COMPILER_APPICON_NAME = AppIcon;
				ASSETCATALOG_COMPILER_GLOBAL_ACCENT_COLOR_NAME = AccentColor;
				CODE_SIGN_STYLE = Automatic;
				CURRENT_PROJECT_VERSION = 1;
				GENERATE_INFOPLIST_FILE = YES;
				INFOPLIST_FILE = Constructor/Info.plist;
				INFOPLIST_KEY_UIApplicationSupportsIndirectInputEvents = YES;
				INFOPLIST_KEY_UILaunchStoryboardName = LaunchScreen;
				INFOPLIST_KEY_UIMainStoryboardFile = Main;
				INFOPLIST_KEY_UISupportedInterfaceOrientations_iPad = "UIInterfaceOrientationPortrait UIInterfaceOrientationPortraitUpsideDown UIInterfaceOrientationLandscapeLeft UIInterfaceOrientationLandscapeRight";
				INFOPLIST_KEY_UISupportedInterfaceOrientations_iPhone = "UIInterfaceOrientationPortrait UIInterfaceOrientationLandscapeLeft UIInterfaceOrientationLandscapeRight";
				LD_RUNPATH_SEARCH_PATHS = (
					"$(inherited)",
					"@executable_path/Frameworks",
				);
				MARKETING_VERSION = 1.0;
				PRODUCT_BUNDLE_IDENTIFIER = bikkinina.a.Constructor;
				PRODUCT_NAME = "$(TARGET_NAME)";
				SWIFT_EMIT_LOC_STRINGS = YES;
				SWIFT_VERSION = 5.0;
				TARGETED_DEVICE_FAMILY = "1,2";
			};
			name = Release;
		};
/* End XCBuildConfiguration section */

/* Begin XCConfigurationList section */
		7CBA91452A10F3CE0075230D /* Build configuration list for PBXProject "Constructor" */ = {
			isa = XCConfigurationList;
			buildConfigurations = (
				7CBA915C2A10F3D00075230D /* Debug */,
				7CBA915D2A10F3D00075230D /* Release */,
			);
			defaultConfigurationIsVisible = 0;
			defaultConfigurationName = Release;
		};
		7CBA915E2A10F3D00075230D /* Build configuration list for PBXNativeTarget "Constructor" */ = {
			isa = XCConfigurationList;
			buildConfigurations = (
				7CBA915F2A10F3D00075230D /* Debug */,
				7CBA91602A10F3D00075230D /* Release */,
			);
			defaultConfigurationIsVisible = 0;
			defaultConfigurationName = Release;
		};
/* End XCConfigurationList section */

/* Begin XCRemoteSwiftPackageReference section */
		7CBA91752A13D7670075230D /* XCRemoteSwiftPackageReference "SnapKit" */ = {
			isa = XCRemoteSwiftPackageReference;
			repositoryURL = "https://github.com/SnapKit/SnapKit";
			requirement = {
				kind = upToNextMajorVersion;
				minimumVersion = 5.0.0;
			};
		};
/* End XCRemoteSwiftPackageReference section */

/* Begin XCSwiftPackageProductDependency section */
		7CBA91762A13D7670075230D /* SnapKit */ = {
			isa = XCSwiftPackageProductDependency;
			package = 7CBA91752A13D7670075230D /* XCRemoteSwiftPackageReference "SnapKit" */;
			productName = SnapKit;
		};
/* End XCSwiftPackageProductDependency section */
	};
	rootObject = 7CBA91422A10F3CE0075230D /* Project object */;
}
